// !$*UTF8*$!
{
	archiveVersion = 1;
	classes = {
	};
	objectVersion = 56;
	objects = {

/* Begin PBXBuildFile section */
		4D2C83D62A7C23320033834B /* CategoryView.swift in Sources */ = {isa = PBXBuildFile; fileRef = 4D2C83D52A7C23320033834B /* CategoryView.swift */; };
		4D2C83DA2A7C296F0033834B /* Affirmations.json in Resources */ = {isa = PBXBuildFile; fileRef = 4D2C83D92A7C296F0033834B /* Affirmations.json */; };
		4D2C83DC2A7C46970033834B /* Affirmations.swift in Sources */ = {isa = PBXBuildFile; fileRef = 4D2C83DB2A7C46970033834B /* Affirmations.swift */; };
		4D2C83DE2A7C4A580033834B /* DataImportManager.swift in Sources */ = {isa = PBXBuildFile; fileRef = 4D2C83DD2A7C4A580033834B /* DataImportManager.swift */; };
		4D46631B2A7D4A4300C00520 /* CategorySectionRow.swift in Sources */ = {isa = PBXBuildFile; fileRef = 4D46631A2A7D4A4300C00520 /* CategorySectionRow.swift */; };
		E02E77002A7A1944007384CE /* PlayView.swift in Sources */ = {isa = PBXBuildFile; fileRef = E02E76FF2A7A1944007384CE /* PlayView.swift */; };
		E02E77022A7A1950007384CE /* SavedRecordingsView.swift in Sources */ = {isa = PBXBuildFile; fileRef = E02E77012A7A1950007384CE /* SavedRecordingsView.swift */; };
		E02E77042A7A1958007384CE /* SoundScapeView.swift in Sources */ = {isa = PBXBuildFile; fileRef = E02E77032A7A1958007384CE /* SoundScapeView.swift */; };
		E02E77062A7A195F007384CE /* PlaySettingsView.swift in Sources */ = {isa = PBXBuildFile; fileRef = E02E77052A7A195F007384CE /* PlaySettingsView.swift */; };
		E0E7BBCF2A78CDC200DFA24A /* RecordView.swift in Sources */ = {isa = PBXBuildFile; fileRef = E0E7BBCE2A78CDC200DFA24A /* RecordView.swift */; };
		E80606882A78866700090DF2 /* CreateAccountView.swift in Sources */ = {isa = PBXBuildFile; fileRef = E80606872A78866700090DF2 /* CreateAccountView.swift */; };
		E806068A2A78889D00090DF2 /* CreateAccountViewModel.swift in Sources */ = {isa = PBXBuildFile; fileRef = E80606892A78889D00090DF2 /* CreateAccountViewModel.swift */; };
		E806068E2A78939500090DF2 /* AsyncActionButton.swift in Sources */ = {isa = PBXBuildFile; fileRef = E806068D2A78939500090DF2 /* AsyncActionButton.swift */; };
		E80606902A78974500090DF2 /* AuthenticationButtonStyle.swift in Sources */ = {isa = PBXBuildFile; fileRef = E806068F2A78974500090DF2 /* AuthenticationButtonStyle.swift */; };
		E855B3022A773554009221E8 /* HypnoloopsSwiftUIApp.swift in Sources */ = {isa = PBXBuildFile; fileRef = E855B3012A773554009221E8 /* HypnoloopsSwiftUIApp.swift */; };
		E855B3042A773554009221E8 /* AuthenticationView.swift in Sources */ = {isa = PBXBuildFile; fileRef = E855B3032A773554009221E8 /* AuthenticationView.swift */; };
		E855B3062A773557009221E8 /* Assets.xcassets in Resources */ = {isa = PBXBuildFile; fileRef = E855B3052A773557009221E8 /* Assets.xcassets */; };
		E855B3092A773557009221E8 /* Preview Assets.xcassets in Resources */ = {isa = PBXBuildFile; fileRef = E855B3082A773557009221E8 /* Preview Assets.xcassets */; };
		E86865DB2A7FD7450092605B /* FirebaseAnalytics in Frameworks */ = {isa = PBXBuildFile; productRef = E86865DA2A7FD7450092605B /* FirebaseAnalytics */; };
		E86865DD2A7FD7450092605B /* FirebaseAnalyticsOnDeviceConversion in Frameworks */ = {isa = PBXBuildFile; productRef = E86865DC2A7FD7450092605B /* FirebaseAnalyticsOnDeviceConversion */; };
		E86865DF2A7FD7450092605B /* FirebaseAnalyticsSwift in Frameworks */ = {isa = PBXBuildFile; productRef = E86865DE2A7FD7450092605B /* FirebaseAnalyticsSwift */; };
		E86865E12A7FD7450092605B /* FirebaseAnalyticsWithoutAdIdSupport in Frameworks */ = {isa = PBXBuildFile; productRef = E86865E02A7FD7450092605B /* FirebaseAnalyticsWithoutAdIdSupport */; };
		E86865E32A7FD7450092605B /* FirebaseAppCheck in Frameworks */ = {isa = PBXBuildFile; productRef = E86865E22A7FD7450092605B /* FirebaseAppCheck */; };
		E86865E52A7FD7450092605B /* FirebaseAppDistribution-Beta in Frameworks */ = {isa = PBXBuildFile; productRef = E86865E42A7FD7450092605B /* FirebaseAppDistribution-Beta */; };
		E86865E72A7FD7450092605B /* FirebaseAuth in Frameworks */ = {isa = PBXBuildFile; productRef = E86865E62A7FD7450092605B /* FirebaseAuth */; };
		E86865E92A7FD7450092605B /* FirebaseAuthCombine-Community in Frameworks */ = {isa = PBXBuildFile; productRef = E86865E82A7FD7450092605B /* FirebaseAuthCombine-Community */; };
		E86865EB2A7FD7450092605B /* FirebaseCrashlytics in Frameworks */ = {isa = PBXBuildFile; productRef = E86865EA2A7FD7450092605B /* FirebaseCrashlytics */; };
		E86865ED2A7FD7450092605B /* FirebaseDatabase in Frameworks */ = {isa = PBXBuildFile; productRef = E86865EC2A7FD7450092605B /* FirebaseDatabase */; };
		E86865EF2A7FD7450092605B /* FirebaseDatabaseSwift in Frameworks */ = {isa = PBXBuildFile; productRef = E86865EE2A7FD7450092605B /* FirebaseDatabaseSwift */; };
		E86865F12A7FD7450092605B /* FirebaseDynamicLinks in Frameworks */ = {isa = PBXBuildFile; productRef = E86865F02A7FD7450092605B /* FirebaseDynamicLinks */; };
		E86865F32A7FD7450092605B /* FirebaseFirestore in Frameworks */ = {isa = PBXBuildFile; productRef = E86865F22A7FD7450092605B /* FirebaseFirestore */; };
		E86865F52A7FD7450092605B /* FirebaseFirestoreCombine-Community in Frameworks */ = {isa = PBXBuildFile; productRef = E86865F42A7FD7450092605B /* FirebaseFirestoreCombine-Community */; };
		E86865F72A7FD7450092605B /* FirebaseFirestoreSwift in Frameworks */ = {isa = PBXBuildFile; productRef = E86865F62A7FD7450092605B /* FirebaseFirestoreSwift */; };
		E86865F92A7FD7450092605B /* FirebaseFunctions in Frameworks */ = {isa = PBXBuildFile; productRef = E86865F82A7FD7450092605B /* FirebaseFunctions */; };
		E86865FB2A7FD7450092605B /* FirebaseFunctionsCombine-Community in Frameworks */ = {isa = PBXBuildFile; productRef = E86865FA2A7FD7450092605B /* FirebaseFunctionsCombine-Community */; };
		E86865FD2A7FD7450092605B /* FirebaseInAppMessaging-Beta in Frameworks */ = {isa = PBXBuildFile; productRef = E86865FC2A7FD7450092605B /* FirebaseInAppMessaging-Beta */; };
		E86865FF2A7FD7450092605B /* FirebaseInAppMessagingSwift-Beta in Frameworks */ = {isa = PBXBuildFile; productRef = E86865FE2A7FD7450092605B /* FirebaseInAppMessagingSwift-Beta */; };
		E86866012A7FD7450092605B /* FirebaseInstallations in Frameworks */ = {isa = PBXBuildFile; productRef = E86866002A7FD7450092605B /* FirebaseInstallations */; };
		E86866032A7FD7450092605B /* FirebaseMLModelDownloader in Frameworks */ = {isa = PBXBuildFile; productRef = E86866022A7FD7450092605B /* FirebaseMLModelDownloader */; };
		E86866052A7FD7450092605B /* FirebaseMessaging in Frameworks */ = {isa = PBXBuildFile; productRef = E86866042A7FD7450092605B /* FirebaseMessaging */; };
		E86866072A7FD7450092605B /* FirebasePerformance in Frameworks */ = {isa = PBXBuildFile; productRef = E86866062A7FD7450092605B /* FirebasePerformance */; };
		E86866092A7FD7450092605B /* FirebaseRemoteConfig in Frameworks */ = {isa = PBXBuildFile; productRef = E86866082A7FD7450092605B /* FirebaseRemoteConfig */; };
		E868660B2A7FD7450092605B /* FirebaseRemoteConfigSwift in Frameworks */ = {isa = PBXBuildFile; productRef = E868660A2A7FD7450092605B /* FirebaseRemoteConfigSwift */; };
		E868660D2A7FD7450092605B /* FirebaseStorage in Frameworks */ = {isa = PBXBuildFile; productRef = E868660C2A7FD7450092605B /* FirebaseStorage */; };
		E868660F2A7FD7450092605B /* FirebaseStorageCombine-Community in Frameworks */ = {isa = PBXBuildFile; productRef = E868660E2A7FD7450092605B /* FirebaseStorageCombine-Community */; };
		E86866112A7FD75B0092605B /* NetworkManageable.swift in Sources */ = {isa = PBXBuildFile; fileRef = E86866102A7FD75B0092605B /* NetworkManageable.swift */; };
		E86866132A7FD7AE0092605B /* UserData.swift in Sources */ = {isa = PBXBuildFile; fileRef = E86866122A7FD7AE0092605B /* UserData.swift */; };
		E86866152A7FD88D0092605B /* NetworkManager.swift in Sources */ = {isa = PBXBuildFile; fileRef = E86866142A7FD88D0092605B /* NetworkManager.swift */; };
		E86866172A7FD9470092605B /* HypnoError.swift in Sources */ = {isa = PBXBuildFile; fileRef = E86866162A7FD9470092605B /* HypnoError.swift */; };
		E868661D2A804EA20092605B /* HypnoValidationError.swift in Sources */ = {isa = PBXBuildFile; fileRef = E868661C2A804EA20092605B /* HypnoValidationError.swift */; };
		E8714E642A7CAD7700D6BF64 /* DataImportManageable.swift in Sources */ = {isa = PBXBuildFile; fileRef = E8714E632A7CAD7700D6BF64 /* DataImportManageable.swift */; };
		E8714E662A7CAE8000D6BF64 /* CategoryViewModel.swift in Sources */ = {isa = PBXBuildFile; fileRef = E8714E652A7CAE8000D6BF64 /* CategoryViewModel.swift */; };
		E890EAEA2A870363003DA56D /* AudioButton.swift in Sources */ = {isa = PBXBuildFile; fileRef = E890EAE92A870363003DA56D /* AudioButton.swift */; };
		E890EAEC2A8712E0003DA56D /* NavigationButton.swift in Sources */ = {isa = PBXBuildFile; fileRef = E890EAEB2A8712E0003DA56D /* NavigationButton.swift */; };
		E8D097822A77556700850A1E /* AuthenticationViewModel.swift in Sources */ = {isa = PBXBuildFile; fileRef = E8D097812A77556700850A1E /* AuthenticationViewModel.swift */; };
		E8D115612A89B307005FC139 /* HypnoTabView.swift in Sources */ = {isa = PBXBuildFile; fileRef = E8D115602A89B307005FC139 /* HypnoTabView.swift */; };
		E8D115632A89B462005FC139 /* ProfileView.swift in Sources */ = {isa = PBXBuildFile; fileRef = E8D115622A89B462005FC139 /* ProfileView.swift */; };
		E8DAC1292A8305E500765CA7 /* HypnoAlertView.swift in Sources */ = {isa = PBXBuildFile; fileRef = E8DAC1282A8305E500765CA7 /* HypnoAlertView.swift */; };
		E8F104202A82CAB300B454E8 /* GoogleService-Info.plist in Resources */ = {isa = PBXBuildFile; fileRef = E8F1041F2A82CAB300B454E8 /* GoogleService-Info.plist */; };
/* End PBXBuildFile section */

/* Begin PBXFileReference section */
		4D2C83D52A7C23320033834B /* CategoryView.swift */ = {isa = PBXFileReference; lastKnownFileType = sourcecode.swift; path = CategoryView.swift; sourceTree = "<group>"; };
		4D2C83D92A7C296F0033834B /* Affirmations.json */ = {isa = PBXFileReference; lastKnownFileType = text.json; path = Affirmations.json; sourceTree = "<group>"; };
		4D2C83DB2A7C46970033834B /* Affirmations.swift */ = {isa = PBXFileReference; lastKnownFileType = sourcecode.swift; path = Affirmations.swift; sourceTree = "<group>"; };
		4D2C83DD2A7C4A580033834B /* DataImportManager.swift */ = {isa = PBXFileReference; lastKnownFileType = sourcecode.swift; path = DataImportManager.swift; sourceTree = "<group>"; };
		4D46631A2A7D4A4300C00520 /* CategorySectionRow.swift */ = {isa = PBXFileReference; lastKnownFileType = sourcecode.swift; path = CategorySectionRow.swift; sourceTree = "<group>"; };
		E02E76FF2A7A1944007384CE /* PlayView.swift */ = {isa = PBXFileReference; fileEncoding = 4; lastKnownFileType = sourcecode.swift; path = PlayView.swift; sourceTree = "<group>"; };
		E02E77012A7A1950007384CE /* SavedRecordingsView.swift */ = {isa = PBXFileReference; fileEncoding = 4; lastKnownFileType = sourcecode.swift; path = SavedRecordingsView.swift; sourceTree = "<group>"; };
		E02E77032A7A1958007384CE /* SoundScapeView.swift */ = {isa = PBXFileReference; fileEncoding = 4; lastKnownFileType = sourcecode.swift; path = SoundScapeView.swift; sourceTree = "<group>"; };
		E02E77052A7A195F007384CE /* PlaySettingsView.swift */ = {isa = PBXFileReference; fileEncoding = 4; lastKnownFileType = sourcecode.swift; path = PlaySettingsView.swift; sourceTree = "<group>"; };
		E0E7BBCE2A78CDC200DFA24A /* RecordView.swift */ = {isa = PBXFileReference; lastKnownFileType = sourcecode.swift; path = RecordView.swift; sourceTree = "<group>"; };
		E80606872A78866700090DF2 /* CreateAccountView.swift */ = {isa = PBXFileReference; lastKnownFileType = sourcecode.swift; path = CreateAccountView.swift; sourceTree = "<group>"; };
		E80606892A78889D00090DF2 /* CreateAccountViewModel.swift */ = {isa = PBXFileReference; lastKnownFileType = sourcecode.swift; path = CreateAccountViewModel.swift; sourceTree = "<group>"; };
		E806068D2A78939500090DF2 /* AsyncActionButton.swift */ = {isa = PBXFileReference; lastKnownFileType = sourcecode.swift; path = AsyncActionButton.swift; sourceTree = "<group>"; };
		E806068F2A78974500090DF2 /* AuthenticationButtonStyle.swift */ = {isa = PBXFileReference; lastKnownFileType = sourcecode.swift; path = AuthenticationButtonStyle.swift; sourceTree = "<group>"; };
		E855B2FE2A773554009221E8 /* HypnoloopsSwiftUI.app */ = {isa = PBXFileReference; explicitFileType = wrapper.application; includeInIndex = 0; path = HypnoloopsSwiftUI.app; sourceTree = BUILT_PRODUCTS_DIR; };
		E855B3012A773554009221E8 /* HypnoloopsSwiftUIApp.swift */ = {isa = PBXFileReference; lastKnownFileType = sourcecode.swift; path = HypnoloopsSwiftUIApp.swift; sourceTree = "<group>"; };
		E855B3032A773554009221E8 /* AuthenticationView.swift */ = {isa = PBXFileReference; lastKnownFileType = sourcecode.swift; path = AuthenticationView.swift; sourceTree = "<group>"; };
		E855B3052A773557009221E8 /* Assets.xcassets */ = {isa = PBXFileReference; lastKnownFileType = folder.assetcatalog; path = Assets.xcassets; sourceTree = "<group>"; };
		E855B3082A773557009221E8 /* Preview Assets.xcassets */ = {isa = PBXFileReference; lastKnownFileType = folder.assetcatalog; path = "Preview Assets.xcassets"; sourceTree = "<group>"; };
		E86866102A7FD75B0092605B /* NetworkManageable.swift */ = {isa = PBXFileReference; lastKnownFileType = sourcecode.swift; path = NetworkManageable.swift; sourceTree = "<group>"; };
		E86866122A7FD7AE0092605B /* UserData.swift */ = {isa = PBXFileReference; lastKnownFileType = sourcecode.swift; path = UserData.swift; sourceTree = "<group>"; };
		E86866142A7FD88D0092605B /* NetworkManager.swift */ = {isa = PBXFileReference; lastKnownFileType = sourcecode.swift; path = NetworkManager.swift; sourceTree = "<group>"; };
		E86866162A7FD9470092605B /* HypnoError.swift */ = {isa = PBXFileReference; lastKnownFileType = sourcecode.swift; path = HypnoError.swift; sourceTree = "<group>"; };
		E868661C2A804EA20092605B /* HypnoValidationError.swift */ = {isa = PBXFileReference; lastKnownFileType = sourcecode.swift; path = HypnoValidationError.swift; sourceTree = "<group>"; };
		E8714E632A7CAD7700D6BF64 /* DataImportManageable.swift */ = {isa = PBXFileReference; lastKnownFileType = sourcecode.swift; path = DataImportManageable.swift; sourceTree = "<group>"; };
		E8714E652A7CAE8000D6BF64 /* CategoryViewModel.swift */ = {isa = PBXFileReference; lastKnownFileType = sourcecode.swift; path = CategoryViewModel.swift; sourceTree = "<group>"; };
		E890EAE92A870363003DA56D /* AudioButton.swift */ = {isa = PBXFileReference; lastKnownFileType = sourcecode.swift; path = AudioButton.swift; sourceTree = "<group>"; };
		E890EAEB2A8712E0003DA56D /* NavigationButton.swift */ = {isa = PBXFileReference; lastKnownFileType = sourcecode.swift; path = NavigationButton.swift; sourceTree = "<group>"; };
		E8D097812A77556700850A1E /* AuthenticationViewModel.swift */ = {isa = PBXFileReference; lastKnownFileType = sourcecode.swift; path = AuthenticationViewModel.swift; sourceTree = "<group>"; };
		E8D115602A89B307005FC139 /* HypnoTabView.swift */ = {isa = PBXFileReference; lastKnownFileType = sourcecode.swift; path = HypnoTabView.swift; sourceTree = "<group>"; };
		E8D115622A89B462005FC139 /* ProfileView.swift */ = {isa = PBXFileReference; lastKnownFileType = sourcecode.swift; path = ProfileView.swift; sourceTree = "<group>"; };
		E8DAC1282A8305E500765CA7 /* HypnoAlertView.swift */ = {isa = PBXFileReference; lastKnownFileType = sourcecode.swift; path = HypnoAlertView.swift; sourceTree = "<group>"; };
		E8F1041F2A82CAB300B454E8 /* GoogleService-Info.plist */ = {isa = PBXFileReference; fileEncoding = 4; lastKnownFileType = text.plist.xml; path = "GoogleService-Info.plist"; sourceTree = "<group>"; };
/* End PBXFileReference section */

/* Begin PBXFrameworksBuildPhase section */
		E855B2FB2A773554009221E8 /* Frameworks */ = {
			isa = PBXFrameworksBuildPhase;
			buildActionMask = 2147483647;
			files = (
				E86865ED2A7FD7450092605B /* FirebaseDatabase in Frameworks */,
				E86865FB2A7FD7450092605B /* FirebaseFunctionsCombine-Community in Frameworks */,
				E86865F32A7FD7450092605B /* FirebaseFirestore in Frameworks */,
				E86865DF2A7FD7450092605B /* FirebaseAnalyticsSwift in Frameworks */,
				E86865DB2A7FD7450092605B /* FirebaseAnalytics in Frameworks */,
				E86865DD2A7FD7450092605B /* FirebaseAnalyticsOnDeviceConversion in Frameworks */,
				E86866032A7FD7450092605B /* FirebaseMLModelDownloader in Frameworks */,
				E86865F72A7FD7450092605B /* FirebaseFirestoreSwift in Frameworks */,
				E86865E32A7FD7450092605B /* FirebaseAppCheck in Frameworks */,
				E86865E12A7FD7450092605B /* FirebaseAnalyticsWithoutAdIdSupport in Frameworks */,
				E86865E72A7FD7450092605B /* FirebaseAuth in Frameworks */,
				E86865EB2A7FD7450092605B /* FirebaseCrashlytics in Frameworks */,
				E868660B2A7FD7450092605B /* FirebaseRemoteConfigSwift in Frameworks */,
				E86865FD2A7FD7450092605B /* FirebaseInAppMessaging-Beta in Frameworks */,
				E86865EF2A7FD7450092605B /* FirebaseDatabaseSwift in Frameworks */,
				E86865F92A7FD7450092605B /* FirebaseFunctions in Frameworks */,
				E868660F2A7FD7450092605B /* FirebaseStorageCombine-Community in Frameworks */,
				E86866092A7FD7450092605B /* FirebaseRemoteConfig in Frameworks */,
				E86865E52A7FD7450092605B /* FirebaseAppDistribution-Beta in Frameworks */,
				E86865E92A7FD7450092605B /* FirebaseAuthCombine-Community in Frameworks */,
				E86866072A7FD7450092605B /* FirebasePerformance in Frameworks */,
				E86865FF2A7FD7450092605B /* FirebaseInAppMessagingSwift-Beta in Frameworks */,
				E868660D2A7FD7450092605B /* FirebaseStorage in Frameworks */,
				E86865F12A7FD7450092605B /* FirebaseDynamicLinks in Frameworks */,
				E86865F52A7FD7450092605B /* FirebaseFirestoreCombine-Community in Frameworks */,
				E86866052A7FD7450092605B /* FirebaseMessaging in Frameworks */,
				E86866012A7FD7450092605B /* FirebaseInstallations in Frameworks */,
			);
			runOnlyForDeploymentPostprocessing = 0;
		};
/* End PBXFrameworksBuildPhase section */

/* Begin PBXGroup section */
		4D2C83D22A7C22BF0033834B /* Views */ = {
			isa = PBXGroup;
			children = (
				E0E7BBCE2A78CDC200DFA24A /* RecordView.swift */,
				E02E76FF2A7A1944007384CE /* PlayView.swift */,
				4D2C83D52A7C23320033834B /* CategoryView.swift */,
				E02E77012A7A1950007384CE /* SavedRecordingsView.swift */,
				E02E77032A7A1958007384CE /* SoundScapeView.swift */,
				E02E77052A7A195F007384CE /* PlaySettingsView.swift */,
				E8D115622A89B462005FC139 /* ProfileView.swift */,
			);
			path = Views;
			sourceTree = "<group>";
		};
		4D2C83D82A7C28F00033834B /* Models */ = {
			isa = PBXGroup;
			children = (
				E8714E652A7CAE8000D6BF64 /* CategoryViewModel.swift */,
				4D2C83D92A7C296F0033834B /* Affirmations.json */,
				4D2C83DB2A7C46970033834B /* Affirmations.swift */,
				E86866122A7FD7AE0092605B /* UserData.swift */,
			);
			path = Models;
			sourceTree = "<group>";
		};
		4D4663192A7D4A1700C00520 /* Components */ = {
			isa = PBXGroup;
			children = (
				4D46631A2A7D4A4300C00520 /* CategorySectionRow.swift */,
				E8DAC1282A8305E500765CA7 /* HypnoAlertView.swift */,
				E890EAE92A870363003DA56D /* AudioButton.swift */,
				E890EAEB2A8712E0003DA56D /* NavigationButton.swift */,
			);
			path = Components;
			sourceTree = "<group>";
		};
		4D46631C2A7D5AD700C00520 /* Utilities */ = {
			isa = PBXGroup;
			children = (
				E8714E632A7CAD7700D6BF64 /* DataImportManageable.swift */,
				4D2C83DD2A7C4A580033834B /* DataImportManager.swift */,
				E86866102A7FD75B0092605B /* NetworkManageable.swift */,
				E86866142A7FD88D0092605B /* NetworkManager.swift */,
				E86866162A7FD9470092605B /* HypnoError.swift */,
				E868661C2A804EA20092605B /* HypnoValidationError.swift */,
			);
			path = Utilities;
			sourceTree = "<group>";
		};
		E855B2F52A773554009221E8 = {
			isa = PBXGroup;
			children = (
				E855B3002A773554009221E8 /* HypnoloopsSwiftUI */,
				E855B2FF2A773554009221E8 /* Products */,
			);
			sourceTree = "<group>";
		};
		E855B2FF2A773554009221E8 /* Products */ = {
			isa = PBXGroup;
			children = (
				E855B2FE2A773554009221E8 /* HypnoloopsSwiftUI.app */,
			);
			name = Products;
			sourceTree = "<group>";
		};
		E855B3002A773554009221E8 /* HypnoloopsSwiftUI */ = {
			isa = PBXGroup;
			children = (
				E8F1041F2A82CAB300B454E8 /* GoogleService-Info.plist */,
				4D46631C2A7D5AD700C00520 /* Utilities */,
				4D4663192A7D4A1700C00520 /* Components */,
				4D2C83D82A7C28F00033834B /* Models */,
				4D2C83D22A7C22BF0033834B /* Views */,
				E8D097832A77569100850A1E /* Authentication */,
				E855B3012A773554009221E8 /* HypnoloopsSwiftUIApp.swift */,
				E8D115602A89B307005FC139 /* HypnoTabView.swift */,
				E855B3052A773557009221E8 /* Assets.xcassets */,
				E855B3072A773557009221E8 /* Preview Content */,
			);
			path = HypnoloopsSwiftUI;
			sourceTree = "<group>";
		};
		E855B3072A773557009221E8 /* Preview Content */ = {
			isa = PBXGroup;
			children = (
				E855B3082A773557009221E8 /* Preview Assets.xcassets */,
			);
			path = "Preview Content";
			sourceTree = "<group>";
		};
		E8D097832A77569100850A1E /* Authentication */ = {
			isa = PBXGroup;
			children = (
				E855B3032A773554009221E8 /* AuthenticationView.swift */,
				E80606872A78866700090DF2 /* CreateAccountView.swift */,
				E806068D2A78939500090DF2 /* AsyncActionButton.swift */,
				E80606892A78889D00090DF2 /* CreateAccountViewModel.swift */,
				E8D097812A77556700850A1E /* AuthenticationViewModel.swift */,
				E806068F2A78974500090DF2 /* AuthenticationButtonStyle.swift */,
			);
			path = Authentication;
			sourceTree = "<group>";
		};
/* End PBXGroup section */

/* Begin PBXNativeTarget section */
		E855B2FD2A773554009221E8 /* HypnoloopsSwiftUI */ = {
			isa = PBXNativeTarget;
			buildConfigurationList = E855B30C2A773557009221E8 /* Build configuration list for PBXNativeTarget "HypnoloopsSwiftUI" */;
			buildPhases = (
				E855B2FA2A773554009221E8 /* Sources */,
				E855B2FB2A773554009221E8 /* Frameworks */,
				E855B2FC2A773554009221E8 /* Resources */,
			);
			buildRules = (
			);
			dependencies = (
			);
			name = HypnoloopsSwiftUI;
			packageProductDependencies = (
				E86865DA2A7FD7450092605B /* FirebaseAnalytics */,
				E86865DC2A7FD7450092605B /* FirebaseAnalyticsOnDeviceConversion */,
				E86865DE2A7FD7450092605B /* FirebaseAnalyticsSwift */,
				E86865E02A7FD7450092605B /* FirebaseAnalyticsWithoutAdIdSupport */,
				E86865E22A7FD7450092605B /* FirebaseAppCheck */,
				E86865E42A7FD7450092605B /* FirebaseAppDistribution-Beta */,
				E86865E62A7FD7450092605B /* FirebaseAuth */,
				E86865E82A7FD7450092605B /* FirebaseAuthCombine-Community */,
				E86865EA2A7FD7450092605B /* FirebaseCrashlytics */,
				E86865EC2A7FD7450092605B /* FirebaseDatabase */,
				E86865EE2A7FD7450092605B /* FirebaseDatabaseSwift */,
				E86865F02A7FD7450092605B /* FirebaseDynamicLinks */,
				E86865F22A7FD7450092605B /* FirebaseFirestore */,
				E86865F42A7FD7450092605B /* FirebaseFirestoreCombine-Community */,
				E86865F62A7FD7450092605B /* FirebaseFirestoreSwift */,
				E86865F82A7FD7450092605B /* FirebaseFunctions */,
				E86865FA2A7FD7450092605B /* FirebaseFunctionsCombine-Community */,
				E86865FC2A7FD7450092605B /* FirebaseInAppMessaging-Beta */,
				E86865FE2A7FD7450092605B /* FirebaseInAppMessagingSwift-Beta */,
				E86866002A7FD7450092605B /* FirebaseInstallations */,
				E86866022A7FD7450092605B /* FirebaseMLModelDownloader */,
				E86866042A7FD7450092605B /* FirebaseMessaging */,
				E86866062A7FD7450092605B /* FirebasePerformance */,
				E86866082A7FD7450092605B /* FirebaseRemoteConfig */,
				E868660A2A7FD7450092605B /* FirebaseRemoteConfigSwift */,
				E868660C2A7FD7450092605B /* FirebaseStorage */,
				E868660E2A7FD7450092605B /* FirebaseStorageCombine-Community */,
			);
			productName = HypnoloopsSwiftUI;
			productReference = E855B2FE2A773554009221E8 /* HypnoloopsSwiftUI.app */;
			productType = "com.apple.product-type.application";
		};
/* End PBXNativeTarget section */

/* Begin PBXProject section */
		E855B2F62A773554009221E8 /* Project object */ = {
			isa = PBXProject;
			attributes = {
				BuildIndependentTargetsInParallel = 1;
				LastSwiftUpdateCheck = 1500;
				LastUpgradeCheck = 1500;
				TargetAttributes = {
					E855B2FD2A773554009221E8 = {
						CreatedOnToolsVersion = 15.0;
					};
				};
			};
			buildConfigurationList = E855B2F92A773554009221E8 /* Build configuration list for PBXProject "HypnoloopsSwiftUI" */;
			compatibilityVersion = "Xcode 14.0";
			developmentRegion = en;
			hasScannedForEncodings = 0;
			knownRegions = (
				en,
				Base,
			);
			mainGroup = E855B2F52A773554009221E8;
			packageReferences = (
				E86865D92A7FD7450092605B /* XCRemoteSwiftPackageReference "firebase-ios-sdk" */,
			);
			productRefGroup = E855B2FF2A773554009221E8 /* Products */;
			projectDirPath = "";
			projectRoot = "";
			targets = (
				E855B2FD2A773554009221E8 /* HypnoloopsSwiftUI */,
			);
		};
/* End PBXProject section */

/* Begin PBXResourcesBuildPhase section */
		E855B2FC2A773554009221E8 /* Resources */ = {
			isa = PBXResourcesBuildPhase;
			buildActionMask = 2147483647;
			files = (
				E855B3092A773557009221E8 /* Preview Assets.xcassets in Resources */,
				E8F104202A82CAB300B454E8 /* GoogleService-Info.plist in Resources */,
				4D2C83DA2A7C296F0033834B /* Affirmations.json in Resources */,
				E855B3062A773557009221E8 /* Assets.xcassets in Resources */,
			);
			runOnlyForDeploymentPostprocessing = 0;
		};
/* End PBXResourcesBuildPhase section */

/* Begin PBXSourcesBuildPhase section */
		E855B2FA2A773554009221E8 /* Sources */ = {
			isa = PBXSourcesBuildPhase;
			buildActionMask = 2147483647;
			files = (
				E806068E2A78939500090DF2 /* AsyncActionButton.swift in Sources */,
				E80606902A78974500090DF2 /* AuthenticationButtonStyle.swift in Sources */,
				E890EAEA2A870363003DA56D /* AudioButton.swift in Sources */,
				E8DAC1292A8305E500765CA7 /* HypnoAlertView.swift in Sources */,
				E8D097822A77556700850A1E /* AuthenticationViewModel.swift in Sources */,
				4D2C83DC2A7C46970033834B /* Affirmations.swift in Sources */,
				E86866152A7FD88D0092605B /* NetworkManager.swift in Sources */,
				E86866172A7FD9470092605B /* HypnoError.swift in Sources */,
				E806068A2A78889D00090DF2 /* CreateAccountViewModel.swift in Sources */,
				E86866112A7FD75B0092605B /* NetworkManageable.swift in Sources */,
				E868661D2A804EA20092605B /* HypnoValidationError.swift in Sources */,
				E855B3042A773554009221E8 /* AuthenticationView.swift in Sources */,
				E8D115632A89B462005FC139 /* ProfileView.swift in Sources */,
				E8D115612A89B307005FC139 /* HypnoTabView.swift in Sources */,
				E8714E642A7CAD7700D6BF64 /* DataImportManageable.swift in Sources */,
				E02E77042A7A1958007384CE /* SoundScapeView.swift in Sources */,
				E86866132A7FD7AE0092605B /* UserData.swift in Sources */,
				E0E7BBCF2A78CDC200DFA24A /* RecordView.swift in Sources */,
				4D2C83DE2A7C4A580033834B /* DataImportManager.swift in Sources */,
				E02E77002A7A1944007384CE /* PlayView.swift in Sources */,
				4D2C83D62A7C23320033834B /* CategoryView.swift in Sources */,
				E890EAEC2A8712E0003DA56D /* NavigationButton.swift in Sources */,
				E80606882A78866700090DF2 /* CreateAccountView.swift in Sources */,
				4D46631B2A7D4A4300C00520 /* CategorySectionRow.swift in Sources */,
				E02E77022A7A1950007384CE /* SavedRecordingsView.swift in Sources */,
				E855B3022A773554009221E8 /* HypnoloopsSwiftUIApp.swift in Sources */,
				E8714E662A7CAE8000D6BF64 /* CategoryViewModel.swift in Sources */,
				E02E77062A7A195F007384CE /* PlaySettingsView.swift in Sources */,
			);
			runOnlyForDeploymentPostprocessing = 0;
		};
/* End PBXSourcesBuildPhase section */

/* Begin XCBuildConfiguration section */
		E855B30A2A773557009221E8 /* Debug */ = {
			isa = XCBuildConfiguration;
			buildSettings = {
				ALWAYS_SEARCH_USER_PATHS = NO;
				ASSETCATALOG_COMPILER_GENERATE_SWIFT_ASSET_SYMBOL_EXTENSIONS = YES;
				CLANG_ANALYZER_NONNULL = YES;
				CLANG_ANALYZER_NUMBER_OBJECT_CONVERSION = YES_AGGRESSIVE;
				CLANG_CXX_LANGUAGE_STANDARD = "gnu++20";
				CLANG_ENABLE_MODULES = YES;
				CLANG_ENABLE_OBJC_ARC = YES;
				CLANG_ENABLE_OBJC_WEAK = YES;
				CLANG_WARN_BLOCK_CAPTURE_AUTORELEASING = YES;
				CLANG_WARN_BOOL_CONVERSION = YES;
				CLANG_WARN_COMMA = YES;
				CLANG_WARN_CONSTANT_CONVERSION = YES;
				CLANG_WARN_DEPRECATED_OBJC_IMPLEMENTATIONS = YES;
				CLANG_WARN_DIRECT_OBJC_ISA_USAGE = YES_ERROR;
				CLANG_WARN_DOCUMENTATION_COMMENTS = YES;
				CLANG_WARN_EMPTY_BODY = YES;
				CLANG_WARN_ENUM_CONVERSION = YES;
				CLANG_WARN_INFINITE_RECURSION = YES;
				CLANG_WARN_INT_CONVERSION = YES;
				CLANG_WARN_NON_LITERAL_NULL_CONVERSION = YES;
				CLANG_WARN_OBJC_IMPLICIT_RETAIN_SELF = YES;
				CLANG_WARN_OBJC_LITERAL_CONVERSION = YES;
				CLANG_WARN_OBJC_ROOT_CLASS = YES_ERROR;
				CLANG_WARN_QUOTED_INCLUDE_IN_FRAMEWORK_HEADER = YES;
				CLANG_WARN_RANGE_LOOP_ANALYSIS = YES;
				CLANG_WARN_STRICT_PROTOTYPES = YES;
				CLANG_WARN_SUSPICIOUS_MOVE = YES;
				CLANG_WARN_UNGUARDED_AVAILABILITY = YES_AGGRESSIVE;
				CLANG_WARN_UNREACHABLE_CODE = YES;
				CLANG_WARN__DUPLICATE_METHOD_MATCH = YES;
				COPY_PHASE_STRIP = NO;
				DEBUG_INFORMATION_FORMAT = dwarf;
				ENABLE_STRICT_OBJC_MSGSEND = YES;
				ENABLE_TESTABILITY = YES;
				ENABLE_USER_SCRIPT_SANDBOXING = YES;
				GCC_C_LANGUAGE_STANDARD = gnu17;
				GCC_DYNAMIC_NO_PIC = NO;
				GCC_NO_COMMON_BLOCKS = YES;
				GCC_OPTIMIZATION_LEVEL = 0;
				GCC_PREPROCESSOR_DEFINITIONS = (
					"DEBUG=1",
					"$(inherited)",
				);
				GCC_WARN_64_TO_32_BIT_CONVERSION = YES;
				GCC_WARN_ABOUT_RETURN_TYPE = YES_ERROR;
				GCC_WARN_UNDECLARED_SELECTOR = YES;
				GCC_WARN_UNINITIALIZED_AUTOS = YES_AGGRESSIVE;
				GCC_WARN_UNUSED_FUNCTION = YES;
				GCC_WARN_UNUSED_VARIABLE = YES;
				IPHONEOS_DEPLOYMENT_TARGET = 17.0;
				LOCALIZATION_PREFERS_STRING_CATALOGS = YES;
				MTL_ENABLE_DEBUG_INFO = INCLUDE_SOURCE;
				MTL_FAST_MATH = YES;
				ONLY_ACTIVE_ARCH = YES;
				SDKROOT = iphoneos;
				SWIFT_ACTIVE_COMPILATION_CONDITIONS = "DEBUG $(inherited)";
				SWIFT_OPTIMIZATION_LEVEL = "-Onone";
			};
			name = Debug;
		};
		E855B30B2A773557009221E8 /* Release */ = {
			isa = XCBuildConfiguration;
			buildSettings = {
				ALWAYS_SEARCH_USER_PATHS = NO;
				ASSETCATALOG_COMPILER_GENERATE_SWIFT_ASSET_SYMBOL_EXTENSIONS = YES;
				CLANG_ANALYZER_NONNULL = YES;
				CLANG_ANALYZER_NUMBER_OBJECT_CONVERSION = YES_AGGRESSIVE;
				CLANG_CXX_LANGUAGE_STANDARD = "gnu++20";
				CLANG_ENABLE_MODULES = YES;
				CLANG_ENABLE_OBJC_ARC = YES;
				CLANG_ENABLE_OBJC_WEAK = YES;
				CLANG_WARN_BLOCK_CAPTURE_AUTORELEASING = YES;
				CLANG_WARN_BOOL_CONVERSION = YES;
				CLANG_WARN_COMMA = YES;
				CLANG_WARN_CONSTANT_CONVERSION = YES;
				CLANG_WARN_DEPRECATED_OBJC_IMPLEMENTATIONS = YES;
				CLANG_WARN_DIRECT_OBJC_ISA_USAGE = YES_ERROR;
				CLANG_WARN_DOCUMENTATION_COMMENTS = YES;
				CLANG_WARN_EMPTY_BODY = YES;
				CLANG_WARN_ENUM_CONVERSION = YES;
				CLANG_WARN_INFINITE_RECURSION = YES;
				CLANG_WARN_INT_CONVERSION = YES;
				CLANG_WARN_NON_LITERAL_NULL_CONVERSION = YES;
				CLANG_WARN_OBJC_IMPLICIT_RETAIN_SELF = YES;
				CLANG_WARN_OBJC_LITERAL_CONVERSION = YES;
				CLANG_WARN_OBJC_ROOT_CLASS = YES_ERROR;
				CLANG_WARN_QUOTED_INCLUDE_IN_FRAMEWORK_HEADER = YES;
				CLANG_WARN_RANGE_LOOP_ANALYSIS = YES;
				CLANG_WARN_STRICT_PROTOTYPES = YES;
				CLANG_WARN_SUSPICIOUS_MOVE = YES;
				CLANG_WARN_UNGUARDED_AVAILABILITY = YES_AGGRESSIVE;
				CLANG_WARN_UNREACHABLE_CODE = YES;
				CLANG_WARN__DUPLICATE_METHOD_MATCH = YES;
				COPY_PHASE_STRIP = NO;
				DEBUG_INFORMATION_FORMAT = "dwarf-with-dsym";
				ENABLE_NS_ASSERTIONS = NO;
				ENABLE_STRICT_OBJC_MSGSEND = YES;
				ENABLE_USER_SCRIPT_SANDBOXING = YES;
				GCC_C_LANGUAGE_STANDARD = gnu17;
				GCC_NO_COMMON_BLOCKS = YES;
				GCC_WARN_64_TO_32_BIT_CONVERSION = YES;
				GCC_WARN_ABOUT_RETURN_TYPE = YES_ERROR;
				GCC_WARN_UNDECLARED_SELECTOR = YES;
				GCC_WARN_UNINITIALIZED_AUTOS = YES_AGGRESSIVE;
				GCC_WARN_UNUSED_FUNCTION = YES;
				GCC_WARN_UNUSED_VARIABLE = YES;
				IPHONEOS_DEPLOYMENT_TARGET = 17.0;
				LOCALIZATION_PREFERS_STRING_CATALOGS = YES;
				MTL_ENABLE_DEBUG_INFO = NO;
				MTL_FAST_MATH = YES;
				SDKROOT = iphoneos;
				SWIFT_COMPILATION_MODE = wholemodule;
				VALIDATE_PRODUCT = YES;
			};
			name = Release;
		};
		E855B30D2A773557009221E8 /* Debug */ = {
			isa = XCBuildConfiguration;
			buildSettings = {
				ASSETCATALOG_COMPILER_APPICON_NAME = AppIcon;
				ASSETCATALOG_COMPILER_GLOBAL_ACCENT_COLOR_NAME = AccentColor;
				CODE_SIGN_STYLE = Automatic;
				CURRENT_PROJECT_VERSION = 1;
				DEVELOPMENT_ASSET_PATHS = "\"HypnoloopsSwiftUI/Preview Content\"";
				DEVELOPMENT_TEAM = QDDDA27M89;
				ENABLE_PREVIEWS = YES;
				GENERATE_INFOPLIST_FILE = YES;
				INFOPLIST_KEY_UIApplicationSceneManifest_Generation = YES;
				INFOPLIST_KEY_UIApplicationSupportsIndirectInputEvents = YES;
				INFOPLIST_KEY_UILaunchScreen_Generation = YES;
				INFOPLIST_KEY_UISupportedInterfaceOrientations_iPad = "UIInterfaceOrientationPortrait UIInterfaceOrientationPortraitUpsideDown UIInterfaceOrientationLandscapeLeft UIInterfaceOrientationLandscapeRight";
				INFOPLIST_KEY_UISupportedInterfaceOrientations_iPhone = "UIInterfaceOrientationPortrait UIInterfaceOrientationLandscapeLeft UIInterfaceOrientationLandscapeRight";
				IPHONEOS_DEPLOYMENT_TARGET = 16.0;
				LD_RUNPATH_SEARCH_PATHS = (
					"$(inherited)",
					"@executable_path/Frameworks",
				);
				MARKETING_VERSION = 1.0;
				PRODUCT_BUNDLE_IDENTIFIER = com.olijujuangree.com.HypnoloopsSwiftUI;
				PRODUCT_NAME = "$(TARGET_NAME)";
				SWIFT_EMIT_LOC_STRINGS = YES;
				SWIFT_VERSION = 5.0;
				TARGETED_DEVICE_FAMILY = "1,2";
			};
			name = Debug;
		};
		E855B30E2A773557009221E8 /* Release */ = {
			isa = XCBuildConfiguration;
			buildSettings = {
				ASSETCATALOG_COMPILER_APPICON_NAME = AppIcon;
				ASSETCATALOG_COMPILER_GLOBAL_ACCENT_COLOR_NAME = AccentColor;
				CODE_SIGN_STYLE = Automatic;
				CURRENT_PROJECT_VERSION = 1;
				DEVELOPMENT_ASSET_PATHS = "\"HypnoloopsSwiftUI/Preview Content\"";
				DEVELOPMENT_TEAM = QDDDA27M89;
				ENABLE_PREVIEWS = YES;
				GENERATE_INFOPLIST_FILE = YES;
				INFOPLIST_KEY_UIApplicationSceneManifest_Generation = YES;
				INFOPLIST_KEY_UIApplicationSupportsIndirectInputEvents = YES;
				INFOPLIST_KEY_UILaunchScreen_Generation = YES;
				INFOPLIST_KEY_UISupportedInterfaceOrientations_iPad = "UIInterfaceOrientationPortrait UIInterfaceOrientationPortraitUpsideDown UIInterfaceOrientationLandscapeLeft UIInterfaceOrientationLandscapeRight";
				INFOPLIST_KEY_UISupportedInterfaceOrientations_iPhone = "UIInterfaceOrientationPortrait UIInterfaceOrientationLandscapeLeft UIInterfaceOrientationLandscapeRight";
				IPHONEOS_DEPLOYMENT_TARGET = 16.0;
				LD_RUNPATH_SEARCH_PATHS = (
					"$(inherited)",
					"@executable_path/Frameworks",
				);
				MARKETING_VERSION = 1.0;
				PRODUCT_BUNDLE_IDENTIFIER = com.olijujuangree.com.HypnoloopsSwiftUI;
				PRODUCT_NAME = "$(TARGET_NAME)";
				SWIFT_EMIT_LOC_STRINGS = YES;
				SWIFT_VERSION = 5.0;
				TARGETED_DEVICE_FAMILY = "1,2";
			};
			name = Release;
		};
/* End XCBuildConfiguration section */

/* Begin XCConfigurationList section */
		E855B2F92A773554009221E8 /* Build configuration list for PBXProject "HypnoloopsSwiftUI" */ = {
			isa = XCConfigurationList;
			buildConfigurations = (
				E855B30A2A773557009221E8 /* Debug */,
				E855B30B2A773557009221E8 /* Release */,
			);
			defaultConfigurationIsVisible = 0;
			defaultConfigurationName = Release;
		};
		E855B30C2A773557009221E8 /* Build configuration list for PBXNativeTarget "HypnoloopsSwiftUI" */ = {
			isa = XCConfigurationList;
			buildConfigurations = (
				E855B30D2A773557009221E8 /* Debug */,
				E855B30E2A773557009221E8 /* Release */,
			);
			defaultConfigurationIsVisible = 0;
			defaultConfigurationName = Release;
		};
/* End XCConfigurationList section */

/* Begin XCRemoteSwiftPackageReference section */
		E86865D92A7FD7450092605B /* XCRemoteSwiftPackageReference "firebase-ios-sdk" */ = {
			isa = XCRemoteSwiftPackageReference;
			repositoryURL = "https://github.com/firebase/firebase-ios-sdk.git";
			requirement = {
				kind = upToNextMajorVersion;
				minimumVersion = 10.0.0;
			};
		};
/* End XCRemoteSwiftPackageReference section */

/* Begin XCSwiftPackageProductDependency section */
		E86865DA2A7FD7450092605B /* FirebaseAnalytics */ = {
			isa = XCSwiftPackageProductDependency;
			package = E86865D92A7FD7450092605B /* XCRemoteSwiftPackageReference "firebase-ios-sdk" */;
			productName = FirebaseAnalytics;
		};
		E86865DC2A7FD7450092605B /* FirebaseAnalyticsOnDeviceConversion */ = {
			isa = XCSwiftPackageProductDependency;
			package = E86865D92A7FD7450092605B /* XCRemoteSwiftPackageReference "firebase-ios-sdk" */;
			productName = FirebaseAnalyticsOnDeviceConversion;
		};
		E86865DE2A7FD7450092605B /* FirebaseAnalyticsSwift */ = {
			isa = XCSwiftPackageProductDependency;
			package = E86865D92A7FD7450092605B /* XCRemoteSwiftPackageReference "firebase-ios-sdk" */;
			productName = FirebaseAnalyticsSwift;
		};
		E86865E02A7FD7450092605B /* FirebaseAnalyticsWithoutAdIdSupport */ = {
			isa = XCSwiftPackageProductDependency;
			package = E86865D92A7FD7450092605B /* XCRemoteSwiftPackageReference "firebase-ios-sdk" */;
			productName = FirebaseAnalyticsWithoutAdIdSupport;
		};
		E86865E22A7FD7450092605B /* FirebaseAppCheck */ = {
			isa = XCSwiftPackageProductDependency;
			package = E86865D92A7FD7450092605B /* XCRemoteSwiftPackageReference "firebase-ios-sdk" */;
			productName = FirebaseAppCheck;
		};
		E86865E42A7FD7450092605B /* FirebaseAppDistribution-Beta */ = {
			isa = XCSwiftPackageProductDependency;
			package = E86865D92A7FD7450092605B /* XCRemoteSwiftPackageReference "firebase-ios-sdk" */;
			productName = "FirebaseAppDistribution-Beta";
		};
		E86865E62A7FD7450092605B /* FirebaseAuth */ = {
			isa = XCSwiftPackageProductDependency;
			package = E86865D92A7FD7450092605B /* XCRemoteSwiftPackageReference "firebase-ios-sdk" */;
			productName = FirebaseAuth;
		};
		E86865E82A7FD7450092605B /* FirebaseAuthCombine-Community */ = {
			isa = XCSwiftPackageProductDependency;
			package = E86865D92A7FD7450092605B /* XCRemoteSwiftPackageReference "firebase-ios-sdk" */;
			productName = "FirebaseAuthCombine-Community";
		};
		E86865EA2A7FD7450092605B /* FirebaseCrashlytics */ = {
			isa = XCSwiftPackageProductDependency;
			package = E86865D92A7FD7450092605B /* XCRemoteSwiftPackageReference "firebase-ios-sdk" */;
			productName = FirebaseCrashlytics;
		};
		E86865EC2A7FD7450092605B /* FirebaseDatabase */ = {
			isa = XCSwiftPackageProductDependency;
			package = E86865D92A7FD7450092605B /* XCRemoteSwiftPackageReference "firebase-ios-sdk" */;
			productName = FirebaseDatabase;
		};
		E86865EE2A7FD7450092605B /* FirebaseDatabaseSwift */ = {
			isa = XCSwiftPackageProductDependency;
			package = E86865D92A7FD7450092605B /* XCRemoteSwiftPackageReference "firebase-ios-sdk" */;
			productName = FirebaseDatabaseSwift;
		};
		E86865F02A7FD7450092605B /* FirebaseDynamicLinks */ = {
			isa = XCSwiftPackageProductDependency;
			package = E86865D92A7FD7450092605B /* XCRemoteSwiftPackageReference "firebase-ios-sdk" */;
			productName = FirebaseDynamicLinks;
		};
		E86865F22A7FD7450092605B /* FirebaseFirestore */ = {
			isa = XCSwiftPackageProductDependency;
			package = E86865D92A7FD7450092605B /* XCRemoteSwiftPackageReference "firebase-ios-sdk" */;
			productName = FirebaseFirestore;
		};
		E86865F42A7FD7450092605B /* FirebaseFirestoreCombine-Community */ = {
			isa = XCSwiftPackageProductDependency;
			package = E86865D92A7FD7450092605B /* XCRemoteSwiftPackageReference "firebase-ios-sdk" */;
			productName = "FirebaseFirestoreCombine-Community";
		};
		E86865F62A7FD7450092605B /* FirebaseFirestoreSwift */ = {
			isa = XCSwiftPackageProductDependency;
			package = E86865D92A7FD7450092605B /* XCRemoteSwiftPackageReference "firebase-ios-sdk" */;
			productName = FirebaseFirestoreSwift;
		};
		E86865F82A7FD7450092605B /* FirebaseFunctions */ = {
			isa = XCSwiftPackageProductDependency;
			package = E86865D92A7FD7450092605B /* XCRemoteSwiftPackageReference "firebase-ios-sdk" */;
			productName = FirebaseFunctions;
		};
		E86865FA2A7FD7450092605B /* FirebaseFunctionsCombine-Community */ = {
			isa = XCSwiftPackageProductDependency;
			package = E86865D92A7FD7450092605B /* XCRemoteSwiftPackageReference "firebase-ios-sdk" */;
			productName = "FirebaseFunctionsCombine-Community";
		};
		E86865FC2A7FD7450092605B /* FirebaseInAppMessaging-Beta */ = {
			isa = XCSwiftPackageProductDependency;
			package = E86865D92A7FD7450092605B /* XCRemoteSwiftPackageReference "firebase-ios-sdk" */;
			productName = "FirebaseInAppMessaging-Beta";
		};
		E86865FE2A7FD7450092605B /* FirebaseInAppMessagingSwift-Beta */ = {
			isa = XCSwiftPackageProductDependency;
			package = E86865D92A7FD7450092605B /* XCRemoteSwiftPackageReference "firebase-ios-sdk" */;
			productName = "FirebaseInAppMessagingSwift-Beta";
		};
		E86866002A7FD7450092605B /* FirebaseInstallations */ = {
			isa = XCSwiftPackageProductDependency;
			package = E86865D92A7FD7450092605B /* XCRemoteSwiftPackageReference "firebase-ios-sdk" */;
			productName = FirebaseInstallations;
		};
		E86866022A7FD7450092605B /* FirebaseMLModelDownloader */ = {
			isa = XCSwiftPackageProductDependency;
			package = E86865D92A7FD7450092605B /* XCRemoteSwiftPackageReference "firebase-ios-sdk" */;
			productName = FirebaseMLModelDownloader;
		};
		E86866042A7FD7450092605B /* FirebaseMessaging */ = {
			isa = XCSwiftPackageProductDependency;
			package = E86865D92A7FD7450092605B /* XCRemoteSwiftPackageReference "firebase-ios-sdk" */;
			productName = FirebaseMessaging;
		};
		E86866062A7FD7450092605B /* FirebasePerformance */ = {
			isa = XCSwiftPackageProductDependency;
			package = E86865D92A7FD7450092605B /* XCRemoteSwiftPackageReference "firebase-ios-sdk" */;
			productName = FirebasePerformance;
		};
		E86866082A7FD7450092605B /* FirebaseRemoteConfig */ = {
			isa = XCSwiftPackageProductDependency;
			package = E86865D92A7FD7450092605B /* XCRemoteSwiftPackageReference "firebase-ios-sdk" */;
			productName = FirebaseRemoteConfig;
		};
		E868660A2A7FD7450092605B /* FirebaseRemoteConfigSwift */ = {
			isa = XCSwiftPackageProductDependency;
			package = E86865D92A7FD7450092605B /* XCRemoteSwiftPackageReference "firebase-ios-sdk" */;
			productName = FirebaseRemoteConfigSwift;
		};
		E868660C2A7FD7450092605B /* FirebaseStorage */ = {
			isa = XCSwiftPackageProductDependency;
			package = E86865D92A7FD7450092605B /* XCRemoteSwiftPackageReference "firebase-ios-sdk" */;
			productName = FirebaseStorage;
		};
		E868660E2A7FD7450092605B /* FirebaseStorageCombine-Community */ = {
			isa = XCSwiftPackageProductDependency;
			package = E86865D92A7FD7450092605B /* XCRemoteSwiftPackageReference "firebase-ios-sdk" */;
			productName = "FirebaseStorageCombine-Community";
		};
/* End XCSwiftPackageProductDependency section */
	};
	rootObject = E855B2F62A773554009221E8 /* Project object */;
}
